PODS:
  - Alamofire (4.0.1)
  - AlamofireImage (3.1.0):
    - Alamofire (~> 4.0)
  - SJRefresh (1.0.0):
    - SJTheme (~> 1.0.0)
  - SJRefreshThemeProtocol (1.0.3)
  - SJTheme (1.0.3):
    - SJRefreshThemeProtocol (= 1.0.3)

DEPENDENCIES:
  - Alamofire (= 4.0.1)
  - AlamofireImage (= 3.1)
  - SJRefresh (from `../`)

EXTERNAL SOURCES:
  SJRefresh:
    :path: "../"

SPEC CHECKSUMS:
  Alamofire: 7682d43245de14874acd142ec137b144aa1dd335
  AlamofireImage: bb8c8351c51cb1633bb6be69b6dbbaff37ce65b7
  SJRefresh: fb02e9ae3789ff3faa058af4632ea0689619bd63
  SJRefreshThemeProtocol: 784cf368433a30734d216194f275439c46292cea
  SJTheme: e26f30cd5b5bca4b0df74d80e9c96342307894b7

PODFILE CHECKSUM: 3d68699d3d44a3ff9713d44f4ea030a821903292

COCOAPODS: 1.1.1
