PODS:
  - Alamofire (4.0.1)
  - AlamofireImage (3.1.0):
    - Alamofire (~> 4.0)
  - SJRefresh (1.0.0):
    - SJTheme (~> 1.0.0)
  - SJRefreshThemeProtocol (1.0.1)
  - SJTheme (1.0.2):
    - SJRefreshThemeProtocol (= 1.0.1)

DEPENDENCIES:
  - Alamofire (= 4.0.1)
  - AlamofireImage (= 3.1)
  - SJRefresh (from `../`)

EXTERNAL SOURCES:
  SJRefresh:
    :path: "../"

SPEC CHECKSUMS:
  Alamofire: 7682d43245de14874acd142ec137b144aa1dd335
  AlamofireImage: bb8c8351c51cb1633bb6be69b6dbbaff37ce65b7
  SJRefresh: 7e69f8698b55c7ecfea1cc1cf36421135e6f91a6
  SJRefreshThemeProtocol: c670ef4d286884024530b5d9e264d07148ee21fa
  SJTheme: 021028380a955894e73fe26871fdb8bb9b9f975c

PODFILE CHECKSUM: 3d68699d3d44a3ff9713d44f4ea030a821903292

COCOAPODS: 1.1.1
